// !$*UTF8*$!
{
	archiveVersion = 1;
	classes = {
	};
	objectVersion = 55;
	objects = {

/* Begin PBXBuildFile section */
		DB6ED14B284095A600420CB0 /* AppDelegate.swift in Sources */ = {isa = PBXBuildFile; fileRef = DB6ED14A284095A600420CB0 /* AppDelegate.swift */; };
		DB6ED14F284095A600420CB0 /* ViewController.swift in Sources */ = {isa = PBXBuildFile; fileRef = DB6ED14E284095A600420CB0 /* ViewController.swift */; };
		DB6ED152284095A600420CB0 /* Main.storyboard in Resources */ = {isa = PBXBuildFile; fileRef = DB6ED150284095A600420CB0 /* Main.storyboard */; };
		DB6ED154284095AA00420CB0 /* Assets.xcassets in Resources */ = {isa = PBXBuildFile; fileRef = DB6ED153284095AA00420CB0 /* Assets.xcassets */; };
		DB6ED157284095AA00420CB0 /* LaunchScreen.storyboard in Resources */ = {isa = PBXBuildFile; fileRef = DB6ED155284095AA00420CB0 /* LaunchScreen.storyboard */; };
		DBA4AE7A284360AD0062E56D /* NotificationService.swift in Sources */ = {isa = PBXBuildFile; fileRef = DBA4AE79284360AD0062E56D /* NotificationService.swift */; };
		DBA4AE7E284360AD0062E56D /* NotificationService.appex in Embed App Extensions */ = {isa = PBXBuildFile; fileRef = DBA4AE77284360AD0062E56D /* NotificationService.appex */; settings = {ATTRIBUTES = (RemoveHeadersOnCopy, ); }; };
		DBA4AE8A2847414A0062E56D /* UserNotifications.framework in Frameworks */ = {isa = PBXBuildFile; fileRef = DBA4AE892847414A0062E56D /* UserNotifications.framework */; };
		DBA4AE8C2847414A0062E56D /* UserNotificationsUI.framework in Frameworks */ = {isa = PBXBuildFile; fileRef = DBA4AE8B2847414A0062E56D /* UserNotificationsUI.framework */; };
		DBA4AE8F2847414A0062E56D /* NotificationViewController.swift in Sources */ = {isa = PBXBuildFile; fileRef = DBA4AE8E2847414A0062E56D /* NotificationViewController.swift */; };
		DBA4AE922847414A0062E56D /* MainInterface.storyboard in Resources */ = {isa = PBXBuildFile; fileRef = DBA4AE902847414A0062E56D /* MainInterface.storyboard */; };
		DBA4AE962847414A0062E56D /* NotificationContent.appex in Embed App Extensions */ = {isa = PBXBuildFile; fileRef = DBA4AE872847414A0062E56D /* NotificationContent.appex */; settings = {ATTRIBUTES = (RemoveHeadersOnCopy, ); }; };
/* End PBXBuildFile section */

/* Begin PBXContainerItemProxy section */
		DBA4AE7C284360AD0062E56D /* PBXContainerItemProxy */ = {
			isa = PBXContainerItemProxy;
			containerPortal = DB6ED13F284095A600420CB0 /* Project object */;
			proxyType = 1;
			remoteGlobalIDString = DBA4AE76284360AD0062E56D;
			remoteInfo = NotificationService;
		};
		DBA4AE942847414A0062E56D /* PBXContainerItemProxy */ = {
			isa = PBXContainerItemProxy;
			containerPortal = DB6ED13F284095A600420CB0 /* Project object */;
			proxyType = 1;
			remoteGlobalIDString = DBA4AE862847414A0062E56D;
			remoteInfo = NotificationContent;
		};
/* End PBXContainerItemProxy section */

/* Begin PBXCopyFilesBuildPhase section */
		DBA4AE82284360AD0062E56D /* Embed App Extensions */ = {
			isa = PBXCopyFilesBuildPhase;
			buildActionMask = 2147483647;
			dstPath = "";
			dstSubfolderSpec = 13;
			files = (
				DBA4AE7E284360AD0062E56D /* NotificationService.appex in Embed App Extensions */,
				DBA4AE962847414A0062E56D /* NotificationContent.appex in Embed App Extensions */,
			);
			name = "Embed App Extensions";
			runOnlyForDeploymentPostprocessing = 0;
		};
/* End PBXCopyFilesBuildPhase section */

/* Begin PBXFileReference section */
		DB6ED147284095A600420CB0 /* RemotePush.app */ = {isa = PBXFileReference; explicitFileType = wrapper.application; includeInIndex = 0; path = RemotePush.app; sourceTree = BUILT_PRODUCTS_DIR; };
		DB6ED14A284095A600420CB0 /* AppDelegate.swift */ = {isa = PBXFileReference; lastKnownFileType = sourcecode.swift; path = AppDelegate.swift; sourceTree = "<group>"; };
		DB6ED14E284095A600420CB0 /* ViewController.swift */ = {isa = PBXFileReference; lastKnownFileType = sourcecode.swift; path = ViewController.swift; sourceTree = "<group>"; };
		DB6ED151284095A600420CB0 /* Base */ = {isa = PBXFileReference; lastKnownFileType = file.storyboard; name = Base; path = Base.lproj/Main.storyboard; sourceTree = "<group>"; };
		DB6ED153284095AA00420CB0 /* Assets.xcassets */ = {isa = PBXFileReference; lastKnownFileType = folder.assetcatalog; path = Assets.xcassets; sourceTree = "<group>"; };
		DB6ED156284095AA00420CB0 /* Base */ = {isa = PBXFileReference; lastKnownFileType = file.storyboard; name = Base; path = Base.lproj/LaunchScreen.storyboard; sourceTree = "<group>"; };
		DB6ED158284095AA00420CB0 /* Info.plist */ = {isa = PBXFileReference; lastKnownFileType = text.plist.xml; path = Info.plist; sourceTree = "<group>"; };
		DBA4AE7228424C3D0062E56D /* RemotePush.entitlements */ = {isa = PBXFileReference; lastKnownFileType = text.plist.entitlements; path = RemotePush.entitlements; sourceTree = "<group>"; };
		DBA4AE77284360AD0062E56D /* NotificationService.appex */ = {isa = PBXFileReference; explicitFileType = "wrapper.app-extension"; includeInIndex = 0; path = NotificationService.appex; sourceTree = BUILT_PRODUCTS_DIR; };
		DBA4AE79284360AD0062E56D /* NotificationService.swift */ = {isa = PBXFileReference; lastKnownFileType = sourcecode.swift; path = NotificationService.swift; sourceTree = "<group>"; };
		DBA4AE7B284360AD0062E56D /* Info.plist */ = {isa = PBXFileReference; lastKnownFileType = text.plist.xml; path = Info.plist; sourceTree = "<group>"; };
		DBA4AE872847414A0062E56D /* NotificationContent.appex */ = {isa = PBXFileReference; explicitFileType = "wrapper.app-extension"; includeInIndex = 0; path = NotificationContent.appex; sourceTree = BUILT_PRODUCTS_DIR; };
		DBA4AE892847414A0062E56D /* UserNotifications.framework */ = {isa = PBXFileReference; lastKnownFileType = wrapper.framework; name = UserNotifications.framework; path = System/Library/Frameworks/UserNotifications.framework; sourceTree = SDKROOT; };
		DBA4AE8B2847414A0062E56D /* UserNotificationsUI.framework */ = {isa = PBXFileReference; lastKnownFileType = wrapper.framework; name = UserNotificationsUI.framework; path = System/Library/Frameworks/UserNotificationsUI.framework; sourceTree = SDKROOT; };
		DBA4AE8E2847414A0062E56D /* NotificationViewController.swift */ = {isa = PBXFileReference; lastKnownFileType = sourcecode.swift; path = NotificationViewController.swift; sourceTree = "<group>"; };
		DBA4AE912847414A0062E56D /* Base */ = {isa = PBXFileReference; lastKnownFileType = file.storyboard; name = Base; path = Base.lproj/MainInterface.storyboard; sourceTree = "<group>"; };
		DBA4AE932847414A0062E56D /* Info.plist */ = {isa = PBXFileReference; lastKnownFileType = text.plist.xml; path = Info.plist; sourceTree = "<group>"; };
/* End PBXFileReference section */

/* Begin PBXFrameworksBuildPhase section */
		DB6ED144284095A600420CB0 /* Frameworks */ = {
			isa = PBXFrameworksBuildPhase;
			buildActionMask = 2147483647;
			files = (
			);
			runOnlyForDeploymentPostprocessing = 0;
		};
		DBA4AE74284360AD0062E56D /* Frameworks */ = {
			isa = PBXFrameworksBuildPhase;
			buildActionMask = 2147483647;
			files = (
			);
			runOnlyForDeploymentPostprocessing = 0;
		};
		DBA4AE842847414A0062E56D /* Frameworks */ = {
			isa = PBXFrameworksBuildPhase;
			buildActionMask = 2147483647;
			files = (
				DBA4AE8C2847414A0062E56D /* UserNotificationsUI.framework in Frameworks */,
				DBA4AE8A2847414A0062E56D /* UserNotifications.framework in Frameworks */,
			);
			runOnlyForDeploymentPostprocessing = 0;
		};
/* End PBXFrameworksBuildPhase section */

/* Begin PBXGroup section */
		DB6ED13E284095A600420CB0 = {
			isa = PBXGroup;
			children = (
				DB6ED149284095A600420CB0 /* RemotePush */,
				DBA4AE78284360AD0062E56D /* NotificationService */,
				DBA4AE8D2847414A0062E56D /* NotificationContent */,
				DBA4AE882847414A0062E56D /* Frameworks */,
				DB6ED148284095A600420CB0 /* Products */,
			);
			sourceTree = "<group>";
		};
		DB6ED148284095A600420CB0 /* Products */ = {
			isa = PBXGroup;
			children = (
				DB6ED147284095A600420CB0 /* RemotePush.app */,
				DBA4AE77284360AD0062E56D /* NotificationService.appex */,
				DBA4AE872847414A0062E56D /* NotificationContent.appex */,
			);
			name = Products;
			sourceTree = "<group>";
		};
		DB6ED149284095A600420CB0 /* RemotePush */ = {
			isa = PBXGroup;
			children = (
				DBA4AE7228424C3D0062E56D /* RemotePush.entitlements */,
				DB6ED14A284095A600420CB0 /* AppDelegate.swift */,
				DB6ED14E284095A600420CB0 /* ViewController.swift */,
				DB6ED150284095A600420CB0 /* Main.storyboard */,
				DB6ED153284095AA00420CB0 /* Assets.xcassets */,
				DB6ED155284095AA00420CB0 /* LaunchScreen.storyboard */,
				DB6ED158284095AA00420CB0 /* Info.plist */,
			);
			path = RemotePush;
			sourceTree = "<group>";
		};
		DBA4AE78284360AD0062E56D /* NotificationService */ = {
			isa = PBXGroup;
			children = (
				DBA4AE79284360AD0062E56D /* NotificationService.swift */,
				DBA4AE7B284360AD0062E56D /* Info.plist */,
			);
			path = NotificationService;
			sourceTree = "<group>";
		};
		DBA4AE882847414A0062E56D /* Frameworks */ = {
			isa = PBXGroup;
			children = (
				DBA4AE892847414A0062E56D /* UserNotifications.framework */,
				DBA4AE8B2847414A0062E56D /* UserNotificationsUI.framework */,
			);
			name = Frameworks;
			sourceTree = "<group>";
		};
		DBA4AE8D2847414A0062E56D /* NotificationContent */ = {
			isa = PBXGroup;
			children = (
				DBA4AE8E2847414A0062E56D /* NotificationViewController.swift */,
				DBA4AE902847414A0062E56D /* MainInterface.storyboard */,
				DBA4AE932847414A0062E56D /* Info.plist */,
			);
			path = NotificationContent;
			sourceTree = "<group>";
		};
/* End PBXGroup section */

/* Begin PBXNativeTarget section */
		DB6ED146284095A600420CB0 /* RemotePush */ = {
			isa = PBXNativeTarget;
			buildConfigurationList = DB6ED15B284095AA00420CB0 /* Build configuration list for PBXNativeTarget "RemotePush" */;
			buildPhases = (
				DB6ED143284095A600420CB0 /* Sources */,
				DB6ED144284095A600420CB0 /* Frameworks */,
				DB6ED145284095A600420CB0 /* Resources */,
				DBA4AE82284360AD0062E56D /* Embed App Extensions */,
			);
			buildRules = (
			);
			dependencies = (
				DBA4AE7D284360AD0062E56D /* PBXTargetDependency */,
				DBA4AE952847414A0062E56D /* PBXTargetDependency */,
			);
			name = RemotePush;
			productName = RemotePush;
			productReference = DB6ED147284095A600420CB0 /* RemotePush.app */;
			productType = "com.apple.product-type.application";
		};
		DBA4AE76284360AD0062E56D /* NotificationService */ = {
			isa = PBXNativeTarget;
			buildConfigurationList = DBA4AE7F284360AD0062E56D /* Build configuration list for PBXNativeTarget "NotificationService" */;
			buildPhases = (
				DBA4AE73284360AD0062E56D /* Sources */,
				DBA4AE74284360AD0062E56D /* Frameworks */,
				DBA4AE75284360AD0062E56D /* Resources */,
			);
			buildRules = (
			);
			dependencies = (
			);
			name = NotificationService;
			productName = NotificationService;
			productReference = DBA4AE77284360AD0062E56D /* NotificationService.appex */;
			productType = "com.apple.product-type.app-extension";
		};
		DBA4AE862847414A0062E56D /* NotificationContent */ = {
			isa = PBXNativeTarget;
			buildConfigurationList = DBA4AE992847414A0062E56D /* Build configuration list for PBXNativeTarget "NotificationContent" */;
			buildPhases = (
				DBA4AE832847414A0062E56D /* Sources */,
				DBA4AE842847414A0062E56D /* Frameworks */,
				DBA4AE852847414A0062E56D /* Resources */,
			);
			buildRules = (
			);
			dependencies = (
			);
			name = NotificationContent;
			productName = NotificationContent;
			productReference = DBA4AE872847414A0062E56D /* NotificationContent.appex */;
			productType = "com.apple.product-type.app-extension";
		};
/* End PBXNativeTarget section */

/* Begin PBXProject section */
		DB6ED13F284095A600420CB0 /* Project object */ = {
			isa = PBXProject;
			attributes = {
				BuildIndependentTargetsInParallel = 1;
				LastSwiftUpdateCheck = 1340;
				LastUpgradeCheck = 1340;
				TargetAttributes = {
					DB6ED146284095A600420CB0 = {
						CreatedOnToolsVersion = 13.4;
					};
					DBA4AE76284360AD0062E56D = {
						CreatedOnToolsVersion = 13.4;
					};
					DBA4AE862847414A0062E56D = {
						CreatedOnToolsVersion = 13.4;
					};
				};
			};
			buildConfigurationList = DB6ED142284095A600420CB0 /* Build configuration list for PBXProject "RemotePush" */;
			compatibilityVersion = "Xcode 13.0";
			developmentRegion = en;
			hasScannedForEncodings = 0;
			knownRegions = (
				en,
				Base,
			);
			mainGroup = DB6ED13E284095A600420CB0;
			productRefGroup = DB6ED148284095A600420CB0 /* Products */;
			projectDirPath = "";
			projectRoot = "";
			targets = (
				DB6ED146284095A600420CB0 /* RemotePush */,
				DBA4AE76284360AD0062E56D /* NotificationService */,
				DBA4AE862847414A0062E56D /* NotificationContent */,
			);
		};
/* End PBXProject section */

/* Begin PBXResourcesBuildPhase section */
		DB6ED145284095A600420CB0 /* Resources */ = {
			isa = PBXResourcesBuildPhase;
			buildActionMask = 2147483647;
			files = (
				DB6ED157284095AA00420CB0 /* LaunchScreen.storyboard in Resources */,
				DB6ED154284095AA00420CB0 /* Assets.xcassets in Resources */,
				DB6ED152284095A600420CB0 /* Main.storyboard in Resources */,
			);
			runOnlyForDeploymentPostprocessing = 0;
		};
		DBA4AE75284360AD0062E56D /* Resources */ = {
			isa = PBXResourcesBuildPhase;
			buildActionMask = 2147483647;
			files = (
			);
			runOnlyForDeploymentPostprocessing = 0;
		};
		DBA4AE852847414A0062E56D /* Resources */ = {
			isa = PBXResourcesBuildPhase;
			buildActionMask = 2147483647;
			files = (
				DBA4AE922847414A0062E56D /* MainInterface.storyboard in Resources */,
			);
			runOnlyForDeploymentPostprocessing = 0;
		};
/* End PBXResourcesBuildPhase section */

/* Begin PBXSourcesBuildPhase section */
		DB6ED143284095A600420CB0 /* Sources */ = {
			isa = PBXSourcesBuildPhase;
			buildActionMask = 2147483647;
			files = (
				DB6ED14F284095A600420CB0 /* ViewController.swift in Sources */,
				DB6ED14B284095A600420CB0 /* AppDelegate.swift in Sources */,
			);
			runOnlyForDeploymentPostprocessing = 0;
		};
		DBA4AE73284360AD0062E56D /* Sources */ = {
			isa = PBXSourcesBuildPhase;
			buildActionMask = 2147483647;
			files = (
				DBA4AE7A284360AD0062E56D /* NotificationService.swift in Sources */,
			);
			runOnlyForDeploymentPostprocessing = 0;
		};
		DBA4AE832847414A0062E56D /* Sources */ = {
			isa = PBXSourcesBuildPhase;
			buildActionMask = 2147483647;
			files = (
				DBA4AE8F2847414A0062E56D /* NotificationViewController.swift in Sources */,
			);
			runOnlyForDeploymentPostprocessing = 0;
		};
/* End PBXSourcesBuildPhase section */

/* Begin PBXTargetDependency section */
		DBA4AE7D284360AD0062E56D /* PBXTargetDependency */ = {
			isa = PBXTargetDependency;
			target = DBA4AE76284360AD0062E56D /* NotificationService */;
			targetProxy = DBA4AE7C284360AD0062E56D /* PBXContainerItemProxy */;
		};
		DBA4AE952847414A0062E56D /* PBXTargetDependency */ = {
			isa = PBXTargetDependency;
			target = DBA4AE862847414A0062E56D /* NotificationContent */;
			targetProxy = DBA4AE942847414A0062E56D /* PBXContainerItemProxy */;
		};
/* End PBXTargetDependency section */

/* Begin PBXVariantGroup section */
		DB6ED150284095A600420CB0 /* Main.storyboard */ = {
			isa = PBXVariantGroup;
			children = (
				DB6ED151284095A600420CB0 /* Base */,
			);
			name = Main.storyboard;
			sourceTree = "<group>";
		};
		DB6ED155284095AA00420CB0 /* LaunchScreen.storyboard */ = {
			isa = PBXVariantGroup;
			children = (
				DB6ED156284095AA00420CB0 /* Base */,
			);
			name = LaunchScreen.storyboard;
			sourceTree = "<group>";
		};
		DBA4AE902847414A0062E56D /* MainInterface.storyboard */ = {
			isa = PBXVariantGroup;
			children = (
				DBA4AE912847414A0062E56D /* Base */,
			);
			name = MainInterface.storyboard;
			sourceTree = "<group>";
		};
/* End PBXVariantGroup section */

/* Begin XCBuildConfiguration section */
		DB6ED159284095AA00420CB0 /* Debug */ = {
			isa = XCBuildConfiguration;
			buildSettings = {
				ALWAYS_SEARCH_USER_PATHS = NO;
				CLANG_ANALYZER_NONNULL = YES;
				CLANG_ANALYZER_NUMBER_OBJECT_CONVERSION = YES_AGGRESSIVE;
				CLANG_CXX_LANGUAGE_STANDARD = "gnu++17";
				CLANG_ENABLE_MODULES = YES;
				CLANG_ENABLE_OBJC_ARC = YES;
				CLANG_ENABLE_OBJC_WEAK = YES;
				CLANG_WARN_BLOCK_CAPTURE_AUTORELEASING = YES;
				CLANG_WARN_BOOL_CONVERSION = YES;
				CLANG_WARN_COMMA = YES;
				CLANG_WARN_CONSTANT_CONVERSION = YES;
				CLANG_WARN_DEPRECATED_OBJC_IMPLEMENTATIONS = YES;
				CLANG_WARN_DIRECT_OBJC_ISA_USAGE = YES_ERROR;
				CLANG_WARN_DOCUMENTATION_COMMENTS = YES;
				CLANG_WARN_EMPTY_BODY = YES;
				CLANG_WARN_ENUM_CONVERSION = YES;
				CLANG_WARN_INFINITE_RECURSION = YES;
				CLANG_WARN_INT_CONVERSION = YES;
				CLANG_WARN_NON_LITERAL_NULL_CONVERSION = YES;
				CLANG_WARN_OBJC_IMPLICIT_RETAIN_SELF = YES;
				CLANG_WARN_OBJC_LITERAL_CONVERSION = YES;
				CLANG_WARN_OBJC_ROOT_CLASS = YES_ERROR;
				CLANG_WARN_QUOTED_INCLUDE_IN_FRAMEWORK_HEADER = YES;
				CLANG_WARN_RANGE_LOOP_ANALYSIS = YES;
				CLANG_WARN_STRICT_PROTOTYPES = YES;
				CLANG_WARN_SUSPICIOUS_MOVE = YES;
				CLANG_WARN_UNGUARDED_AVAILABILITY = YES_AGGRESSIVE;
				CLANG_WARN_UNREACHABLE_CODE = YES;
				CLANG_WARN__DUPLICATE_METHOD_MATCH = YES;
				COPY_PHASE_STRIP = NO;
				DEBUG_INFORMATION_FORMAT = dwarf;
				ENABLE_STRICT_OBJC_MSGSEND = YES;
				ENABLE_TESTABILITY = YES;
				GCC_C_LANGUAGE_STANDARD = gnu11;
				GCC_DYNAMIC_NO_PIC = NO;
				GCC_NO_COMMON_BLOCKS = YES;
				GCC_OPTIMIZATION_LEVEL = 0;
				GCC_PREPROCESSOR_DEFINITIONS = (
					"DEBUG=1",
					"$(inherited)",
				);
				GCC_WARN_64_TO_32_BIT_CONVERSION = YES;
				GCC_WARN_ABOUT_RETURN_TYPE = YES_ERROR;
				GCC_WARN_UNDECLARED_SELECTOR = YES;
				GCC_WARN_UNINITIALIZED_AUTOS = YES_AGGRESSIVE;
				GCC_WARN_UNUSED_FUNCTION = YES;
				GCC_WARN_UNUSED_VARIABLE = YES;
				IPHONEOS_DEPLOYMENT_TARGET = 14.7;
				MTL_ENABLE_DEBUG_INFO = INCLUDE_SOURCE;
				MTL_FAST_MATH = YES;
				ONLY_ACTIVE_ARCH = YES;
				SDKROOT = iphoneos;
				SWIFT_ACTIVE_COMPILATION_CONDITIONS = DEBUG;
				SWIFT_OPTIMIZATION_LEVEL = "-Onone";
			};
			name = Debug;
		};
		DB6ED15A284095AA00420CB0 /* Release */ = {
			isa = XCBuildConfiguration;
			buildSettings = {
				ALWAYS_SEARCH_USER_PATHS = NO;
				CLANG_ANALYZER_NONNULL = YES;
				CLANG_ANALYZER_NUMBER_OBJECT_CONVERSION = YES_AGGRESSIVE;
				CLANG_CXX_LANGUAGE_STANDARD = "gnu++17";
				CLANG_ENABLE_MODULES = YES;
				CLANG_ENABLE_OBJC_ARC = YES;
				CLANG_ENABLE_OBJC_WEAK = YES;
				CLANG_WARN_BLOCK_CAPTURE_AUTORELEASING = YES;
				CLANG_WARN_BOOL_CONVERSION = YES;
				CLANG_WARN_COMMA = YES;
				CLANG_WARN_CONSTANT_CONVERSION = YES;
				CLANG_WARN_DEPRECATED_OBJC_IMPLEMENTATIONS = YES;
				CLANG_WARN_DIRECT_OBJC_ISA_USAGE = YES_ERROR;
				CLANG_WARN_DOCUMENTATION_COMMENTS = YES;
				CLANG_WARN_EMPTY_BODY = YES;
				CLANG_WARN_ENUM_CONVERSION = YES;
				CLANG_WARN_INFINITE_RECURSION = YES;
				CLANG_WARN_INT_CONVERSION = YES;
				CLANG_WARN_NON_LITERAL_NULL_CONVERSION = YES;
				CLANG_WARN_OBJC_IMPLICIT_RETAIN_SELF = YES;
				CLANG_WARN_OBJC_LITERAL_CONVERSION = YES;
				CLANG_WARN_OBJC_ROOT_CLASS = YES_ERROR;
				CLANG_WARN_QUOTED_INCLUDE_IN_FRAMEWORK_HEADER = YES;
				CLANG_WARN_RANGE_LOOP_ANALYSIS = YES;
				CLANG_WARN_STRICT_PROTOTYPES = YES;
				CLANG_WARN_SUSPICIOUS_MOVE = YES;
				CLANG_WARN_UNGUARDED_AVAILABILITY = YES_AGGRESSIVE;
				CLANG_WARN_UNREACHABLE_CODE = YES;
				CLANG_WARN__DUPLICATE_METHOD_MATCH = YES;
				COPY_PHASE_STRIP = NO;
				DEBUG_INFORMATION_FORMAT = "dwarf-with-dsym";
				ENABLE_NS_ASSERTIONS = NO;
				ENABLE_STRICT_OBJC_MSGSEND = YES;
				GCC_C_LANGUAGE_STANDARD = gnu11;
				GCC_NO_COMMON_BLOCKS = YES;
				GCC_WARN_64_TO_32_BIT_CONVERSION = YES;
				GCC_WARN_ABOUT_RETURN_TYPE = YES_ERROR;
				GCC_WARN_UNDECLARED_SELECTOR = YES;
				GCC_WARN_UNINITIALIZED_AUTOS = YES_AGGRESSIVE;
				GCC_WARN_UNUSED_FUNCTION = YES;
				GCC_WARN_UNUSED_VARIABLE = YES;
				IPHONEOS_DEPLOYMENT_TARGET = 14.7;
				MTL_ENABLE_DEBUG_INFO = NO;
				MTL_FAST_MATH = YES;
				SDKROOT = iphoneos;
				SWIFT_COMPILATION_MODE = wholemodule;
				SWIFT_OPTIMIZATION_LEVEL = "-O";
				VALIDATE_PRODUCT = YES;
			};
			name = Release;
		};
		DB6ED15C284095AA00420CB0 /* Debug */ = {
			isa = XCBuildConfiguration;
			buildSettings = {
				ALWAYS_EMBED_SWIFT_STANDARD_LIBRARIES = YES;
				ASSETCATALOG_COMPILER_APPICON_NAME = AppIcon;
				ASSETCATALOG_COMPILER_GLOBAL_ACCENT_COLOR_NAME = AccentColor;
				CODE_SIGN_ENTITLEMENTS = RemotePush/RemotePush.entitlements;
				CODE_SIGN_STYLE = Automatic;
				CURRENT_PROJECT_VERSION = 1;
				DEVELOPMENT_TEAM = V2YNV9QV27;
				GENERATE_INFOPLIST_FILE = YES;
				INFOPLIST_FILE = RemotePush/Info.plist;
				INFOPLIST_KEY_UIApplicationSupportsIndirectInputEvents = YES;
				INFOPLIST_KEY_UILaunchStoryboardName = LaunchScreen;
				INFOPLIST_KEY_UIMainStoryboardFile = Main;
				INFOPLIST_KEY_UISupportedInterfaceOrientations_iPad = "UIInterfaceOrientationPortrait UIInterfaceOrientationPortraitUpsideDown UIInterfaceOrientationLandscapeLeft UIInterfaceOrientationLandscapeRight";
				INFOPLIST_KEY_UISupportedInterfaceOrientations_iPhone = "UIInterfaceOrientationPortrait UIInterfaceOrientationLandscapeLeft UIInterfaceOrientationLandscapeRight";
				LD_RUNPATH_SEARCH_PATHS = (
					"$(inherited)",
					"@executable_path/Frameworks",
				);
				MARKETING_VERSION = 1.0;
				PRODUCT_BUNDLE_IDENTIFIER = iosdev.sw.RemotePush;
				PRODUCT_NAME = "$(TARGET_NAME)";
				SWIFT_EMIT_LOC_STRINGS = YES;
				SWIFT_VERSION = 5.0;
				TARGETED_DEVICE_FAMILY = 1;
			};
			name = Debug;
		};
		DB6ED15D284095AA00420CB0 /* Release */ = {
			isa = XCBuildConfiguration;
			buildSettings = {
				ALWAYS_EMBED_SWIFT_STANDARD_LIBRARIES = YES;
				ASSETCATALOG_COMPILER_APPICON_NAME = AppIcon;
				ASSETCATALOG_COMPILER_GLOBAL_ACCENT_COLOR_NAME = AccentColor;
				CODE_SIGN_ENTITLEMENTS = RemotePush/RemotePush.entitlements;
				CODE_SIGN_STYLE = Automatic;
				CURRENT_PROJECT_VERSION = 1;
				DEVELOPMENT_TEAM = V2YNV9QV27;
				GENERATE_INFOPLIST_FILE = YES;
				INFOPLIST_FILE = RemotePush/Info.plist;
				INFOPLIST_KEY_UIApplicationSupportsIndirectInputEvents = YES;
				INFOPLIST_KEY_UILaunchStoryboardName = LaunchScreen;
				INFOPLIST_KEY_UIMainStoryboardFile = Main;
				INFOPLIST_KEY_UISupportedInterfaceOrientations_iPad = "UIInterfaceOrientationPortrait UIInterfaceOrientationPortraitUpsideDown UIInterfaceOrientationLandscapeLeft UIInterfaceOrientationLandscapeRight";
				INFOPLIST_KEY_UISupportedInterfaceOrientations_iPhone = "UIInterfaceOrientationPortrait UIInterfaceOrientationLandscapeLeft UIInterfaceOrientationLandscapeRight";
				LD_RUNPATH_SEARCH_PATHS = (
					"$(inherited)",
					"@executable_path/Frameworks",
				);
				MARKETING_VERSION = 1.0;
				PRODUCT_BUNDLE_IDENTIFIER = iosdev.sw.RemotePush;
				PRODUCT_NAME = "$(TARGET_NAME)";
				SWIFT_EMIT_LOC_STRINGS = YES;
				SWIFT_VERSION = 5.0;
				TARGETED_DEVICE_FAMILY = 1;
			};
			name = Release;
		};
		DBA4AE80284360AD0062E56D /* Debug */ = {
			isa = XCBuildConfiguration;
			buildSettings = {
				CODE_SIGN_STYLE = Automatic;
				CURRENT_PROJECT_VERSION = 1;
				DEVELOPMENT_TEAM = V2YNV9QV27;
				GENERATE_INFOPLIST_FILE = YES;
				INFOPLIST_FILE = NotificationService/Info.plist;
				INFOPLIST_KEY_CFBundleDisplayName = NotificationService;
				INFOPLIST_KEY_NSHumanReadableCopyright = "";
				IPHONEOS_DEPLOYMENT_TARGET = 15.5;
				LD_RUNPATH_SEARCH_PATHS = (
					"$(inherited)",
					"@executable_path/Frameworks",
					"@executable_path/../../Frameworks",
				);
				MARKETING_VERSION = 1.0;
				PRODUCT_BUNDLE_IDENTIFIER = iosdev.sw.RemotePush.NotificationService;
				PRODUCT_NAME = "$(TARGET_NAME)";
				SKIP_INSTALL = YES;
				SWIFT_EMIT_LOC_STRINGS = YES;
				SWIFT_VERSION = 5.0;
				TARGETED_DEVICE_FAMILY = "1,2";
			};
			name = Debug;
		};
		DBA4AE81284360AD0062E56D /* Release */ = {
			isa = XCBuildConfiguration;
			buildSettings = {
				CODE_SIGN_STYLE = Automatic;
				CURRENT_PROJECT_VERSION = 1;
				DEVELOPMENT_TEAM = V2YNV9QV27;
				GENERATE_INFOPLIST_FILE = YES;
				INFOPLIST_FILE = NotificationService/Info.plist;
				INFOPLIST_KEY_CFBundleDisplayName = NotificationService;
				INFOPLIST_KEY_NSHumanReadableCopyright = "";
				IPHONEOS_DEPLOYMENT_TARGET = 15.5;
				LD_RUNPATH_SEARCH_PATHS = (
					"$(inherited)",
					"@executable_path/Frameworks",
					"@executable_path/../../Frameworks",
				);
				MARKETING_VERSION = 1.0;
				PRODUCT_BUNDLE_IDENTIFIER = iosdev.sw.RemotePush.NotificationService;
				PRODUCT_NAME = "$(TARGET_NAME)";
				SKIP_INSTALL = YES;
				SWIFT_EMIT_LOC_STRINGS = YES;
				SWIFT_VERSION = 5.0;
				TARGETED_DEVICE_FAMILY = "1,2";
			};
			name = Release;
		};
		DBA4AE972847414A0062E56D /* Debug */ = {
			isa = XCBuildConfiguration;
			buildSettings = {
				CODE_SIGN_STYLE = Automatic;
				CURRENT_PROJECT_VERSION = 1;
				DEVELOPMENT_TEAM = V2YNV9QV27;
				GENERATE_INFOPLIST_FILE = YES;
				INFOPLIST_FILE = NotificationContent/Info.plist;
				INFOPLIST_KEY_CFBundleDisplayName = NotificationContent;
				INFOPLIST_KEY_NSHumanReadableCopyright = "";
				IPHONEOS_DEPLOYMENT_TARGET = 15.5;
				LD_RUNPATH_SEARCH_PATHS = (
					"$(inherited)",
					"@executable_path/Frameworks",
					"@executable_path/../../Frameworks",
				);
				MARKETING_VERSION = 1.0;
				PRODUCT_BUNDLE_IDENTIFIER = iosdev.sw.RemotePush.NotificationContent;
				PRODUCT_NAME = "$(TARGET_NAME)";
				SKIP_INSTALL = YES;
				SWIFT_EMIT_LOC_STRINGS = YES;
				SWIFT_VERSION = 5.0;
				TARGETED_DEVICE_FAMILY = "1,2";
			};
			name = Debug;
		};
		DBA4AE982847414A0062E56D /* Release */ = {
			isa = XCBuildConfiguration;
			buildSettings = {
				CODE_SIGN_STYLE = Automatic;
				CURRENT_PROJECT_VERSION = 1;
				DEVELOPMENT_TEAM = V2YNV9QV27;
				GENERATE_INFOPLIST_FILE = YES;
				INFOPLIST_FILE = NotificationContent/Info.plist;
				INFOPLIST_KEY_CFBundleDisplayName = NotificationContent;
				INFOPLIST_KEY_NSHumanReadableCopyright = "";
				IPHONEOS_DEPLOYMENT_TARGET = 15.5;
				LD_RUNPATH_SEARCH_PATHS = (
					"$(inherited)",
					"@executable_path/Frameworks",
					"@executable_path/../../Frameworks",
				);
				MARKETING_VERSION = 1.0;
				PRODUCT_BUNDLE_IDENTIFIER = iosdev.sw.RemotePush.NotificationContent;
				PRODUCT_NAME = "$(TARGET_NAME)";
				SKIP_INSTALL = YES;
				SWIFT_EMIT_LOC_STRINGS = YES;
				SWIFT_VERSION = 5.0;
				TARGETED_DEVICE_FAMILY = "1,2";
			};
			name = Release;
		};
/* End XCBuildConfiguration section */

/* Begin XCConfigurationList section */
		DB6ED142284095A600420CB0 /* Build configuration list for PBXProject "RemotePush" */ = {
			isa = XCConfigurationList;
			buildConfigurations = (
				DB6ED159284095AA00420CB0 /* Debug */,
				DB6ED15A284095AA00420CB0 /* Release */,
			);
			defaultConfigurationIsVisible = 0;
			defaultConfigurationName = Release;
		};
		DB6ED15B284095AA00420CB0 /* Build configuration list for PBXNativeTarget "RemotePush" */ = {
			isa = XCConfigurationList;
			buildConfigurations = (
				DB6ED15C284095AA00420CB0 /* Debug */,
				DB6ED15D284095AA00420CB0 /* Release */,
			);
			defaultConfigurationIsVisible = 0;
			defaultConfigurationName = Release;
		};
		DBA4AE7F284360AD0062E56D /* Build configuration list for PBXNativeTarget "NotificationService" */ = {
			isa = XCConfigurationList;
			buildConfigurations = (
				DBA4AE80284360AD0062E56D /* Debug */,
				DBA4AE81284360AD0062E56D /* Release */,
			);
			defaultConfigurationIsVisible = 0;
			defaultConfigurationName = Release;
		};
		DBA4AE992847414A0062E56D /* Build configuration list for PBXNativeTarget "NotificationContent" */ = {
			isa = XCConfigurationList;
			buildConfigurations = (
				DBA4AE972847414A0062E56D /* Debug */,
				DBA4AE982847414A0062E56D /* Release */,
			);
			defaultConfigurationIsVisible = 0;
			defaultConfigurationName = Release;
		};
/* End XCConfigurationList section */
	};
	rootObject = DB6ED13F284095A600420CB0 /* Project object */;
}
