// !$*UTF8*$!
{
	archiveVersion = 1;
	classes = {
	};
	objectVersion = 56;
	objects = {

/* Begin PBXBuildFile section */
		DB29A40E29D49CFC006AF657 /* FavoriteButton.swift in Sources */ = {isa = PBXBuildFile; fileRef = DB29A40D29D49CFC006AF657 /* FavoriteButton.swift */; };
		DB3A49C329D156ED0035B1BC /* SwiftUI_Tutorial1_LandmarksApp.swift in Sources */ = {isa = PBXBuildFile; fileRef = DB3A49C229D156ED0035B1BC /* SwiftUI_Tutorial1_LandmarksApp.swift */; };
		DB3A49C529D156ED0035B1BC /* ContentView.swift in Sources */ = {isa = PBXBuildFile; fileRef = DB3A49C429D156ED0035B1BC /* ContentView.swift */; };
		DB3A49C729D156EE0035B1BC /* Assets.xcassets in Resources */ = {isa = PBXBuildFile; fileRef = DB3A49C629D156EE0035B1BC /* Assets.xcassets */; };
		DB3A49CA29D156EE0035B1BC /* Preview Assets.xcassets in Resources */ = {isa = PBXBuildFile; fileRef = DB3A49C929D156EE0035B1BC /* Preview Assets.xcassets */; };
		DB3A49D129D15B620035B1BC /* TestView.swift in Sources */ = {isa = PBXBuildFile; fileRef = DB3A49D029D15B620035B1BC /* TestView.swift */; };
		DB3A49D329D176C10035B1BC /* CircleImage.swift in Sources */ = {isa = PBXBuildFile; fileRef = DB3A49D229D176C10035B1BC /* CircleImage.swift */; };
		DB3A49D529D17B800035B1BC /* MapView.swift in Sources */ = {isa = PBXBuildFile; fileRef = DB3A49D429D17B800035B1BC /* MapView.swift */; };
		DB3A49D729D2A70E0035B1BC /* landmarkData.json in Resources */ = {isa = PBXBuildFile; fileRef = DB3A49D629D2A70E0035B1BC /* landmarkData.json */; };
		DB3A49D929D2A8220035B1BC /* Landmark.swift in Sources */ = {isa = PBXBuildFile; fileRef = DB3A49D829D2A8220035B1BC /* Landmark.swift */; };
		DB3A49DB29D2B2D20035B1BC /* ModelData.swift in Sources */ = {isa = PBXBuildFile; fileRef = DB3A49DA29D2B2D20035B1BC /* ModelData.swift */; };
		DB3A49E029D2BDAE0035B1BC /* LandmarkRow.swift in Sources */ = {isa = PBXBuildFile; fileRef = DB3A49DF29D2BDAE0035B1BC /* LandmarkRow.swift */; };
		DB3A49E229D2CFFE0035B1BC /* LandmarkList.swift in Sources */ = {isa = PBXBuildFile; fileRef = DB3A49E129D2CFFE0035B1BC /* LandmarkList.swift */; };
		DB3A49E429D2DA640035B1BC /* LandmarkDetail.swift in Sources */ = {isa = PBXBuildFile; fileRef = DB3A49E329D2DA640035B1BC /* LandmarkDetail.swift */; };
/* End PBXBuildFile section */

/* Begin PBXFileReference section */
		DB29A40D29D49CFC006AF657 /* FavoriteButton.swift */ = {isa = PBXFileReference; lastKnownFileType = sourcecode.swift; path = FavoriteButton.swift; sourceTree = "<group>"; };
		DB3A49BF29D156ED0035B1BC /* SwiftUI_Tutorial1_Landmarks.app */ = {isa = PBXFileReference; explicitFileType = wrapper.application; includeInIndex = 0; path = SwiftUI_Tutorial1_Landmarks.app; sourceTree = BUILT_PRODUCTS_DIR; };
		DB3A49C229D156ED0035B1BC /* SwiftUI_Tutorial1_LandmarksApp.swift */ = {isa = PBXFileReference; lastKnownFileType = sourcecode.swift; path = SwiftUI_Tutorial1_LandmarksApp.swift; sourceTree = "<group>"; };
		DB3A49C429D156ED0035B1BC /* ContentView.swift */ = {isa = PBXFileReference; lastKnownFileType = sourcecode.swift; path = ContentView.swift; sourceTree = "<group>"; };
		DB3A49C629D156EE0035B1BC /* Assets.xcassets */ = {isa = PBXFileReference; lastKnownFileType = folder.assetcatalog; path = Assets.xcassets; sourceTree = "<group>"; };
		DB3A49C929D156EE0035B1BC /* Preview Assets.xcassets */ = {isa = PBXFileReference; lastKnownFileType = folder.assetcatalog; path = "Preview Assets.xcassets"; sourceTree = "<group>"; };
		DB3A49D029D15B620035B1BC /* TestView.swift */ = {isa = PBXFileReference; lastKnownFileType = sourcecode.swift; path = TestView.swift; sourceTree = "<group>"; };
		DB3A49D229D176C10035B1BC /* CircleImage.swift */ = {isa = PBXFileReference; lastKnownFileType = sourcecode.swift; path = CircleImage.swift; sourceTree = "<group>"; };
		DB3A49D429D17B800035B1BC /* MapView.swift */ = {isa = PBXFileReference; lastKnownFileType = sourcecode.swift; path = MapView.swift; sourceTree = "<group>"; };
		DB3A49D629D2A70E0035B1BC /* landmarkData.json */ = {isa = PBXFileReference; fileEncoding = 4; lastKnownFileType = text.json; path = landmarkData.json; sourceTree = "<group>"; };
		DB3A49D829D2A8220035B1BC /* Landmark.swift */ = {isa = PBXFileReference; lastKnownFileType = sourcecode.swift; path = Landmark.swift; sourceTree = "<group>"; };
		DB3A49DA29D2B2D20035B1BC /* ModelData.swift */ = {isa = PBXFileReference; lastKnownFileType = sourcecode.swift; path = ModelData.swift; sourceTree = "<group>"; };
		DB3A49DF29D2BDAE0035B1BC /* LandmarkRow.swift */ = {isa = PBXFileReference; lastKnownFileType = sourcecode.swift; path = LandmarkRow.swift; sourceTree = "<group>"; };
		DB3A49E129D2CFFE0035B1BC /* LandmarkList.swift */ = {isa = PBXFileReference; lastKnownFileType = sourcecode.swift; path = LandmarkList.swift; sourceTree = "<group>"; };
		DB3A49E329D2DA640035B1BC /* LandmarkDetail.swift */ = {isa = PBXFileReference; lastKnownFileType = sourcecode.swift; path = LandmarkDetail.swift; sourceTree = "<group>"; };
/* End PBXFileReference section */

/* Begin PBXFrameworksBuildPhase section */
		DB3A49BC29D156ED0035B1BC /* Frameworks */ = {
			isa = PBXFrameworksBuildPhase;
			buildActionMask = 2147483647;
			files = (
			);
			runOnlyForDeploymentPostprocessing = 0;
		};
/* End PBXFrameworksBuildPhase section */

/* Begin PBXGroup section */
		DB29A40F29D49EE1006AF657 /* Helpers */ = {
			isa = PBXGroup;
			children = (
				DB29A40D29D49CFC006AF657 /* FavoriteButton.swift */,
				DB3A49D229D176C10035B1BC /* CircleImage.swift */,
				DB3A49D029D15B620035B1BC /* TestView.swift */,
				DB3A49D429D17B800035B1BC /* MapView.swift */,
			);
			path = Helpers;
			sourceTree = "<group>";
		};
		DB29A41029D49F07006AF657 /* Landmarks */ = {
			isa = PBXGroup;
			children = (
				DB3A49DF29D2BDAE0035B1BC /* LandmarkRow.swift */,
				DB3A49E129D2CFFE0035B1BC /* LandmarkList.swift */,
				DB3A49E329D2DA640035B1BC /* LandmarkDetail.swift */,
			);
			path = Landmarks;
			sourceTree = "<group>";
		};
		DB3A49B629D156EC0035B1BC = {
			isa = PBXGroup;
			children = (
				DB3A49C129D156ED0035B1BC /* SwiftUI_Tutorial1_Landmarks */,
				DB3A49C029D156ED0035B1BC /* Products */,
			);
			sourceTree = "<group>";
		};
		DB3A49C029D156ED0035B1BC /* Products */ = {
			isa = PBXGroup;
			children = (
				DB3A49BF29D156ED0035B1BC /* SwiftUI_Tutorial1_Landmarks.app */,
			);
			name = Products;
			sourceTree = "<group>";
		};
		DB3A49C129D156ED0035B1BC /* SwiftUI_Tutorial1_Landmarks */ = {
			isa = PBXGroup;
			children = (
				DB3A49DE29D2B8BA0035B1BC /* Model */,
				DB3A49DD29D2B8AE0035B1BC /* Resource */,
				DB3A49DC29D2B89A0035B1BC /* View */,
				DB3A49C229D156ED0035B1BC /* SwiftUI_Tutorial1_LandmarksApp.swift */,
				DB3A49C629D156EE0035B1BC /* Assets.xcassets */,
				DB3A49C829D156EE0035B1BC /* Preview Content */,
			);
			path = SwiftUI_Tutorial1_Landmarks;
			sourceTree = "<group>";
		};
		DB3A49C829D156EE0035B1BC /* Preview Content */ = {
			isa = PBXGroup;
			children = (
				DB3A49C929D156EE0035B1BC /* Preview Assets.xcassets */,
			);
			path = "Preview Content";
			sourceTree = "<group>";
		};
		DB3A49DC29D2B89A0035B1BC /* View */ = {
			isa = PBXGroup;
			children = (
				DB3A49C429D156ED0035B1BC /* ContentView.swift */,
				DB29A40F29D49EE1006AF657 /* Helpers */,
				DB29A41029D49F07006AF657 /* Landmarks */,
			);
			path = View;
			sourceTree = "<group>";
		};
		DB3A49DD29D2B8AE0035B1BC /* Resource */ = {
			isa = PBXGroup;
			children = (
				DB3A49D629D2A70E0035B1BC /* landmarkData.json */,
			);
			path = Resource;
			sourceTree = "<group>";
		};
		DB3A49DE29D2B8BA0035B1BC /* Model */ = {
			isa = PBXGroup;
			children = (
				DB3A49D829D2A8220035B1BC /* Landmark.swift */,
				DB3A49DA29D2B2D20035B1BC /* ModelData.swift */,
			);
			path = Model;
			sourceTree = "<group>";
		};
/* End PBXGroup section */

/* Begin PBXNativeTarget section */
		DB3A49BE29D156ED0035B1BC /* SwiftUI_Tutorial1_Landmarks */ = {
			isa = PBXNativeTarget;
			buildConfigurationList = DB3A49CD29D156EE0035B1BC /* Build configuration list for PBXNativeTarget "SwiftUI_Tutorial1_Landmarks" */;
			buildPhases = (
				DB3A49BB29D156ED0035B1BC /* Sources */,
				DB3A49BC29D156ED0035B1BC /* Frameworks */,
				DB3A49BD29D156ED0035B1BC /* Resources */,
			);
			buildRules = (
			);
			dependencies = (
			);
			name = SwiftUI_Tutorial1_Landmarks;
			productName = SwiftUI_Tutorial1_Landmarks;
			productReference = DB3A49BF29D156ED0035B1BC /* SwiftUI_Tutorial1_Landmarks.app */;
			productType = "com.apple.product-type.application";
		};
/* End PBXNativeTarget section */

/* Begin PBXProject section */
		DB3A49B729D156EC0035B1BC /* Project object */ = {
			isa = PBXProject;
			attributes = {
				BuildIndependentTargetsInParallel = 1;
				LastSwiftUpdateCheck = 1420;
				LastUpgradeCheck = 1420;
				TargetAttributes = {
					DB3A49BE29D156ED0035B1BC = {
						CreatedOnToolsVersion = 14.2;
					};
				};
			};
			buildConfigurationList = DB3A49BA29D156EC0035B1BC /* Build configuration list for PBXProject "SwiftUI_Tutorial1_Landmarks" */;
			compatibilityVersion = "Xcode 14.0";
			developmentRegion = en;
			hasScannedForEncodings = 0;
			knownRegions = (
				en,
				Base,
			);
			mainGroup = DB3A49B629D156EC0035B1BC;
			productRefGroup = DB3A49C029D156ED0035B1BC /* Products */;
			projectDirPath = "";
			projectRoot = "";
			targets = (
				DB3A49BE29D156ED0035B1BC /* SwiftUI_Tutorial1_Landmarks */,
			);
		};
/* End PBXProject section */

/* Begin PBXResourcesBuildPhase section */
		DB3A49BD29D156ED0035B1BC /* Resources */ = {
			isa = PBXResourcesBuildPhase;
			buildActionMask = 2147483647;
			files = (
				DB3A49CA29D156EE0035B1BC /* Preview Assets.xcassets in Resources */,
				DB3A49C729D156EE0035B1BC /* Assets.xcassets in Resources */,
				DB3A49D729D2A70E0035B1BC /* landmarkData.json in Resources */,
			);
			runOnlyForDeploymentPostprocessing = 0;
		};
/* End PBXResourcesBuildPhase section */

/* Begin PBXSourcesBuildPhase section */
		DB3A49BB29D156ED0035B1BC /* Sources */ = {
			isa = PBXSourcesBuildPhase;
			buildActionMask = 2147483647;
			files = (
				DB3A49D129D15B620035B1BC /* TestView.swift in Sources */,
				DB3A49D329D176C10035B1BC /* CircleImage.swift in Sources */,
				DB3A49D529D17B800035B1BC /* MapView.swift in Sources */,
				DB3A49C529D156ED0035B1BC /* ContentView.swift in Sources */,
				DB3A49E229D2CFFE0035B1BC /* LandmarkList.swift in Sources */,
				DB3A49C329D156ED0035B1BC /* SwiftUI_Tutorial1_LandmarksApp.swift in Sources */,
				DB3A49D929D2A8220035B1BC /* Landmark.swift in Sources */,
				DB3A49E029D2BDAE0035B1BC /* LandmarkRow.swift in Sources */,
				DB3A49E429D2DA640035B1BC /* LandmarkDetail.swift in Sources */,
				DB29A40E29D49CFC006AF657 /* FavoriteButton.swift in Sources */,
				DB3A49DB29D2B2D20035B1BC /* ModelData.swift in Sources */,
			);
			runOnlyForDeploymentPostprocessing = 0;
		};
/* End PBXSourcesBuildPhase section */

/* Begin XCBuildConfiguration section */
		DB3A49CB29D156EE0035B1BC /* Debug */ = {
			isa = XCBuildConfiguration;
			buildSettings = {
				ALWAYS_SEARCH_USER_PATHS = NO;
				CLANG_ANALYZER_NONNULL = YES;
				CLANG_ANALYZER_NUMBER_OBJECT_CONVERSION = YES_AGGRESSIVE;
				CLANG_CXX_LANGUAGE_STANDARD = "gnu++20";
				CLANG_ENABLE_MODULES = YES;
				CLANG_ENABLE_OBJC_ARC = YES;
				CLANG_ENABLE_OBJC_WEAK = YES;
				CLANG_WARN_BLOCK_CAPTURE_AUTORELEASING = YES;
				CLANG_WARN_BOOL_CONVERSION = YES;
				CLANG_WARN_COMMA = YES;
				CLANG_WARN_CONSTANT_CONVERSION = YES;
				CLANG_WARN_DEPRECATED_OBJC_IMPLEMENTATIONS = YES;
				CLANG_WARN_DIRECT_OBJC_ISA_USAGE = YES_ERROR;
				CLANG_WARN_DOCUMENTATION_COMMENTS = YES;
				CLANG_WARN_EMPTY_BODY = YES;
				CLANG_WARN_ENUM_CONVERSION = YES;
				CLANG_WARN_INFINITE_RECURSION = YES;
				CLANG_WARN_INT_CONVERSION = YES;
				CLANG_WARN_NON_LITERAL_NULL_CONVERSION = YES;
				CLANG_WARN_OBJC_IMPLICIT_RETAIN_SELF = YES;
				CLANG_WARN_OBJC_LITERAL_CONVERSION = YES;
				CLANG_WARN_OBJC_ROOT_CLASS = YES_ERROR;
				CLANG_WARN_QUOTED_INCLUDE_IN_FRAMEWORK_HEADER = YES;
				CLANG_WARN_RANGE_LOOP_ANALYSIS = YES;
				CLANG_WARN_STRICT_PROTOTYPES = YES;
				CLANG_WARN_SUSPICIOUS_MOVE = YES;
				CLANG_WARN_UNGUARDED_AVAILABILITY = YES_AGGRESSIVE;
				CLANG_WARN_UNREACHABLE_CODE = YES;
				CLANG_WARN__DUPLICATE_METHOD_MATCH = YES;
				COPY_PHASE_STRIP = NO;
				DEBUG_INFORMATION_FORMAT = dwarf;
				ENABLE_STRICT_OBJC_MSGSEND = YES;
				ENABLE_TESTABILITY = YES;
				GCC_C_LANGUAGE_STANDARD = gnu11;
				GCC_DYNAMIC_NO_PIC = NO;
				GCC_NO_COMMON_BLOCKS = YES;
				GCC_OPTIMIZATION_LEVEL = 0;
				GCC_PREPROCESSOR_DEFINITIONS = (
					"DEBUG=1",
					"$(inherited)",
				);
				GCC_WARN_64_TO_32_BIT_CONVERSION = YES;
				GCC_WARN_ABOUT_RETURN_TYPE = YES_ERROR;
				GCC_WARN_UNDECLARED_SELECTOR = YES;
				GCC_WARN_UNINITIALIZED_AUTOS = YES_AGGRESSIVE;
				GCC_WARN_UNUSED_FUNCTION = YES;
				GCC_WARN_UNUSED_VARIABLE = YES;
				IPHONEOS_DEPLOYMENT_TARGET = 16.2;
				MTL_ENABLE_DEBUG_INFO = INCLUDE_SOURCE;
				MTL_FAST_MATH = YES;
				ONLY_ACTIVE_ARCH = YES;
				SDKROOT = iphoneos;
				SWIFT_ACTIVE_COMPILATION_CONDITIONS = DEBUG;
				SWIFT_OPTIMIZATION_LEVEL = "-Onone";
			};
			name = Debug;
		};
		DB3A49CC29D156EE0035B1BC /* Release */ = {
			isa = XCBuildConfiguration;
			buildSettings = {
				ALWAYS_SEARCH_USER_PATHS = NO;
				CLANG_ANALYZER_NONNULL = YES;
				CLANG_ANALYZER_NUMBER_OBJECT_CONVERSION = YES_AGGRESSIVE;
				CLANG_CXX_LANGUAGE_STANDARD = "gnu++20";
				CLANG_ENABLE_MODULES = YES;
				CLANG_ENABLE_OBJC_ARC = YES;
				CLANG_ENABLE_OBJC_WEAK = YES;
				CLANG_WARN_BLOCK_CAPTURE_AUTORELEASING = YES;
				CLANG_WARN_BOOL_CONVERSION = YES;
				CLANG_WARN_COMMA = YES;
				CLANG_WARN_CONSTANT_CONVERSION = YES;
				CLANG_WARN_DEPRECATED_OBJC_IMPLEMENTATIONS = YES;
				CLANG_WARN_DIRECT_OBJC_ISA_USAGE = YES_ERROR;
				CLANG_WARN_DOCUMENTATION_COMMENTS = YES;
				CLANG_WARN_EMPTY_BODY = YES;
				CLANG_WARN_ENUM_CONVERSION = YES;
				CLANG_WARN_INFINITE_RECURSION = YES;
				CLANG_WARN_INT_CONVERSION = YES;
				CLANG_WARN_NON_LITERAL_NULL_CONVERSION = YES;
				CLANG_WARN_OBJC_IMPLICIT_RETAIN_SELF = YES;
				CLANG_WARN_OBJC_LITERAL_CONVERSION = YES;
				CLANG_WARN_OBJC_ROOT_CLASS = YES_ERROR;
				CLANG_WARN_QUOTED_INCLUDE_IN_FRAMEWORK_HEADER = YES;
				CLANG_WARN_RANGE_LOOP_ANALYSIS = YES;
				CLANG_WARN_STRICT_PROTOTYPES = YES;
				CLANG_WARN_SUSPICIOUS_MOVE = YES;
				CLANG_WARN_UNGUARDED_AVAILABILITY = YES_AGGRESSIVE;
				CLANG_WARN_UNREACHABLE_CODE = YES;
				CLANG_WARN__DUPLICATE_METHOD_MATCH = YES;
				COPY_PHASE_STRIP = NO;
				DEBUG_INFORMATION_FORMAT = "dwarf-with-dsym";
				ENABLE_NS_ASSERTIONS = NO;
				ENABLE_STRICT_OBJC_MSGSEND = YES;
				GCC_C_LANGUAGE_STANDARD = gnu11;
				GCC_NO_COMMON_BLOCKS = YES;
				GCC_WARN_64_TO_32_BIT_CONVERSION = YES;
				GCC_WARN_ABOUT_RETURN_TYPE = YES_ERROR;
				GCC_WARN_UNDECLARED_SELECTOR = YES;
				GCC_WARN_UNINITIALIZED_AUTOS = YES_AGGRESSIVE;
				GCC_WARN_UNUSED_FUNCTION = YES;
				GCC_WARN_UNUSED_VARIABLE = YES;
				IPHONEOS_DEPLOYMENT_TARGET = 16.2;
				MTL_ENABLE_DEBUG_INFO = NO;
				MTL_FAST_MATH = YES;
				SDKROOT = iphoneos;
				SWIFT_COMPILATION_MODE = wholemodule;
				SWIFT_OPTIMIZATION_LEVEL = "-O";
				VALIDATE_PRODUCT = YES;
			};
			name = Release;
		};
		DB3A49CE29D156EE0035B1BC /* Debug */ = {
			isa = XCBuildConfiguration;
			buildSettings = {
				ASSETCATALOG_COMPILER_APPICON_NAME = AppIcon;
				ASSETCATALOG_COMPILER_GLOBAL_ACCENT_COLOR_NAME = AccentColor;
				CODE_SIGN_STYLE = Automatic;
				CURRENT_PROJECT_VERSION = 1;
				DEVELOPMENT_ASSET_PATHS = "\"SwiftUI_Tutorial1_Landmarks/Preview Content\"";
				DEVELOPMENT_TEAM = V2YNV9QV27;
				ENABLE_PREVIEWS = YES;
				GENERATE_INFOPLIST_FILE = YES;
				INFOPLIST_KEY_UIApplicationSceneManifest_Generation = YES;
				INFOPLIST_KEY_UIApplicationSupportsIndirectInputEvents = YES;
				INFOPLIST_KEY_UILaunchScreen_Generation = YES;
				INFOPLIST_KEY_UISupportedInterfaceOrientations_iPad = "UIInterfaceOrientationPortrait UIInterfaceOrientationPortraitUpsideDown UIInterfaceOrientationLandscapeLeft UIInterfaceOrientationLandscapeRight";
				INFOPLIST_KEY_UISupportedInterfaceOrientations_iPhone = "UIInterfaceOrientationPortrait UIInterfaceOrientationLandscapeLeft UIInterfaceOrientationLandscapeRight";
				LD_RUNPATH_SEARCH_PATHS = (
					"$(inherited)",
					"@executable_path/Frameworks",
				);
				MARKETING_VERSION = 1.0;
				PRODUCT_BUNDLE_IDENTIFIER = "iosdev.sw.SwiftUI-Tutorial1-Landmarks";
				PRODUCT_NAME = "$(TARGET_NAME)";
				SWIFT_EMIT_LOC_STRINGS = YES;
				SWIFT_VERSION = 5.0;
				TARGETED_DEVICE_FAMILY = "1,2";
			};
			name = Debug;
		};
		DB3A49CF29D156EE0035B1BC /* Release */ = {
			isa = XCBuildConfiguration;
			buildSettings = {
				ASSETCATALOG_COMPILER_APPICON_NAME = AppIcon;
				ASSETCATALOG_COMPILER_GLOBAL_ACCENT_COLOR_NAME = AccentColor;
				CODE_SIGN_STYLE = Automatic;
				CURRENT_PROJECT_VERSION = 1;
				DEVELOPMENT_ASSET_PATHS = "\"SwiftUI_Tutorial1_Landmarks/Preview Content\"";
				DEVELOPMENT_TEAM = V2YNV9QV27;
				ENABLE_PREVIEWS = YES;
				GENERATE_INFOPLIST_FILE = YES;
				INFOPLIST_KEY_UIApplicationSceneManifest_Generation = YES;
				INFOPLIST_KEY_UIApplicationSupportsIndirectInputEvents = YES;
				INFOPLIST_KEY_UILaunchScreen_Generation = YES;
				INFOPLIST_KEY_UISupportedInterfaceOrientations_iPad = "UIInterfaceOrientationPortrait UIInterfaceOrientationPortraitUpsideDown UIInterfaceOrientationLandscapeLeft UIInterfaceOrientationLandscapeRight";
				INFOPLIST_KEY_UISupportedInterfaceOrientations_iPhone = "UIInterfaceOrientationPortrait UIInterfaceOrientationLandscapeLeft UIInterfaceOrientationLandscapeRight";
				LD_RUNPATH_SEARCH_PATHS = (
					"$(inherited)",
					"@executable_path/Frameworks",
				);
				MARKETING_VERSION = 1.0;
				PRODUCT_BUNDLE_IDENTIFIER = "iosdev.sw.SwiftUI-Tutorial1-Landmarks";
				PRODUCT_NAME = "$(TARGET_NAME)";
				SWIFT_EMIT_LOC_STRINGS = YES;
				SWIFT_VERSION = 5.0;
				TARGETED_DEVICE_FAMILY = "1,2";
			};
			name = Release;
		};
/* End XCBuildConfiguration section */

/* Begin XCConfigurationList section */
		DB3A49BA29D156EC0035B1BC /* Build configuration list for PBXProject "SwiftUI_Tutorial1_Landmarks" */ = {
			isa = XCConfigurationList;
			buildConfigurations = (
				DB3A49CB29D156EE0035B1BC /* Debug */,
				DB3A49CC29D156EE0035B1BC /* Release */,
			);
			defaultConfigurationIsVisible = 0;
			defaultConfigurationName = Release;
		};
		DB3A49CD29D156EE0035B1BC /* Build configuration list for PBXNativeTarget "SwiftUI_Tutorial1_Landmarks" */ = {
			isa = XCConfigurationList;
			buildConfigurations = (
				DB3A49CE29D156EE0035B1BC /* Debug */,
				DB3A49CF29D156EE0035B1BC /* Release */,
			);
			defaultConfigurationIsVisible = 0;
			defaultConfigurationName = Release;
		};
/* End XCConfigurationList section */
	};
	rootObject = DB3A49B729D156EC0035B1BC /* Project object */;
}
